
Microsoft Visual Studio Solution File, Format Version 12.00
Project("{FAE04EC0-301F-11D3-BF4B-00C04F79EFBC}") = "WolfEngine", "WolfEngine\WolfEngine.csproj", "{4FE11541-C523-4A31-A7CC-45C3CCC5E69B}"
EndProject
Project("{FAE04EC0-301F-11D3-BF4B-00C04F79EFBC}") = "WolfEngine.ECS", "WolfEngine.ECS\WolfEngine.ECS.csproj", "{5C02AD05-2804-4CFD-BBAE-30320EB637EE}"
EndProject
Project("{FAE04EC0-301F-11D3-BF4B-00C04F79EFBC}") = "WolfEngine.Editor", "WolfEngine.Editor\WolfEngine.Editor.csproj", "{8F53AFD3-7AC3-49A6-98C8-3EED0628D8A4}"
EndProject
Project("{FAE04EC0-301F-11D3-BF4B-00C04F79EFBC}") = "WolfEngine.ECS.Tests", "WolfEngine.ECS.Tests\WolfEngine.ECS.Tests.csproj", "{BD4C9273-6DC7-4418-96D1-D983A6A73CF5}"
EndProject
Project("{2150E333-8FDC-42A3-9474-1A3956D46DE8}") = "Tests", "Tests", "{3D935CEA-AEC9-4293-B608-60598098804E}"
EndProject
Project("{FAE04EC0-301F-11D3-BF4B-00C04F79EFBC}") = "WolfEngine.Editor.Tests", "WolfEngine.Editor.Tests\WolfEngine.Editor.Tests.csproj", "{3D58EEF8-40C7-4408-ACA0-863DA087637F}"
EndProject
Project("{FAE04EC0-301F-11D3-BF4B-00C04F79EFBC}") = "WolfEngine.Physics", "WolfEngine.Physics\WolfEngine.Physics.csproj", "{64944B1B-1605-4B4B-8DF9-C2AA56FA4993}"
EndProject
Project("{FAE04EC0-301F-11D3-BF4B-00C04F79EFBC}") = "WolfEngine.Physics.Tests", "WolfEngine.Physics.Tests\WolfEngine.Physics.Tests.csproj", "{E51EA2E1-FEE4-4E35-9260-35B2185C56D3}"
EndProject
Project("{FAE04EC0-301F-11D3-BF4B-00C04F79EFBC}") = "WolfEngine.Tests", "WolfEngine.Tests\WolfEngine.Tests.csproj", "{02589DEC-17AE-4A13-9D57-304B3C237510}"
EndProject
Project("{FAE04EC0-301F-11D3-BF4B-00C04F79EFBC}") = "WolfEngine.Editor.Automation", "WolfEngine.Editor.Automation\WolfEngine.Editor.Automation.csproj", "{44DD0A35-78E4-464E-92BE-7D84DE4572E1}"
EndProject
Project("{FAE04EC0-301F-11D3-BF4B-00C04F79EFBC}") = "Wolfie.IAE", "Wolfie.IAE\Wolfie.IAE.csproj", "{D903B1BA-8DF0-435C-A75D-D77541865C0C}"
EndProject
Project("{FAE04EC0-301F-11D3-BF4B-00C04F79EFBC}") = "Wolfie.IAE.Tests", "Wolfie.IAE.Tests\Wolfie.IAE.Tests.csproj", "{A8EC2A3C-5507-41DC-9D4C-88AF5518DB5C}"
EndProject
Project("{FAE04EC0-301F-11D3-BF4B-00C04F79EFBC}") = "WolfEngine.Runtime", "WolfEngine.Runtime\WolfEngine.Runtime.csproj", "{C9D694A8-1A80-4F43-886A-58E028085DF4}"
EndProject
Project("{FAE04EC0-301F-11D3-BF4B-00C04F79EFBC}") = "WolfEngine.Build", "WolfEngine.Build\WolfEngine.Build.csproj", "{7E530F5E-7B57-4B36-BC26-8C166F7495B0}"
EndProject
Project("{FAE04EC0-301F-11D3-BF4B-00C04F79EFBC}") = "WolfEngine.Editor.Tooling", "WolfEngine.Editor.Tooling\WolfEngine.Editor.Tooling.csproj", "{1BFB9A84-C3D1-48DF-9B20-3B9567355F31}"
EndProject
Project("{FAE04EC0-301F-11D3-BF4B-00C04F79EFBC}") = "WolfEngine.Audio", "WolfEngine.Audio\WolfEngine.Audio.csproj", "{9AFBDEFB-1DFA-4D80-A2CF-9155DEA4E0DF}"
EndProject
Project("{FAE04EC0-301F-11D3-BF4B-00C04F79EFBC}") = "WolfEngine.Audio.Tests", "WolfEngine.Audio.Tests\WolfEngine.Audio.Tests.csproj", "{7732BBF6-58C0-4FF3-985B-607C0D052D73}"
EndProject
Project("{FAE04EC0-301F-11D3-BF4B-00C04F79EFBC}") = "WolfEngine.UI", "WolfEngine.UI\WolfEngine.UI.csproj", "{A5E0A7AF-DBF8-49C2-A73F-F4278D6E9F10}"
EndProject
Project("{FAE04EC0-301F-11D3-BF4B-00C04F79EFBC}") = "WolfEngine.UI.Tests", "WolfEngine.UI.Tests\WolfEngine.UI.Tests.csproj", "{A5E0A7AF-DBF8-49C2-A73F-F4278D6E9F11}"
EndProject
Global
	GlobalSection(SolutionConfigurationPlatforms) = preSolution
		Debug|Any CPU = Debug|Any CPU
		Release|Any CPU = Release|Any CPU
	EndGlobalSection
	GlobalSection(ProjectConfigurationPlatforms) = postSolution
		{4FE11541-C523-4A31-A7CC-45C3CCC5E69B}.Debug|Any CPU.ActiveCfg = Debug|Any CPU
		{4FE11541-C523-4A31-A7CC-45C3CCC5E69B}.Debug|Any CPU.Build.0 = Debug|Any CPU
		{4FE11541-C523-4A31-A7CC-45C3CCC5E69B}.Release|Any CPU.ActiveCfg = Release|Any CPU
		{4FE11541-C523-4A31-A7CC-45C3CCC5E69B}.Release|Any CPU.Build.0 = Release|Any CPU
		{5C02AD05-2804-4CFD-BBAE-30320EB637EE}.Debug|Any CPU.ActiveCfg = Debug|Any CPU
		{5C02AD05-2804-4CFD-BBAE-30320EB637EE}.Debug|Any CPU.Build.0 = Debug|Any CPU
		{5C02AD05-2804-4CFD-BBAE-30320EB637EE}.Release|Any CPU.ActiveCfg = Release|Any CPU
		{5C02AD05-2804-4CFD-BBAE-30320EB637EE}.Release|Any CPU.Build.0 = Release|Any CPU
		{8F53AFD3-7AC3-49A6-98C8-3EED0628D8A4}.Debug|Any CPU.ActiveCfg = Debug|Any CPU
		{8F53AFD3-7AC3-49A6-98C8-3EED0628D8A4}.Debug|Any CPU.Build.0 = Debug|Any CPU
		{8F53AFD3-7AC3-49A6-98C8-3EED0628D8A4}.Release|Any CPU.ActiveCfg = Release|Any CPU
		{8F53AFD3-7AC3-49A6-98C8-3EED0628D8A4}.Release|Any CPU.Build.0 = Release|Any CPU
		{BD4C9273-6DC7-4418-96D1-D983A6A73CF5}.Debug|Any CPU.ActiveCfg = Debug|Any CPU
		{BD4C9273-6DC7-4418-96D1-D983A6A73CF5}.Debug|Any CPU.Build.0 = Debug|Any CPU
		{BD4C9273-6DC7-4418-96D1-D983A6A73CF5}.Release|Any CPU.ActiveCfg = Release|Any CPU
		{BD4C9273-6DC7-4418-96D1-D983A6A73CF5}.Release|Any CPU.Build.0 = Release|Any CPU
		{3D58EEF8-40C7-4408-ACA0-863DA087637F}.Debug|Any CPU.ActiveCfg = Debug|Any CPU
		{3D58EEF8-40C7-4408-ACA0-863DA087637F}.Debug|Any CPU.Build.0 = Debug|Any CPU
		{3D58EEF8-40C7-4408-ACA0-863DA087637F}.Release|Any CPU.ActiveCfg = Release|Any CPU
		{3D58EEF8-40C7-4408-ACA0-863DA087637F}.Release|Any CPU.Build.0 = Release|Any CPU
		{64944B1B-1605-4B4B-8DF9-C2AA56FA4993}.Debug|Any CPU.ActiveCfg = Debug|Any CPU
		{64944B1B-1605-4B4B-8DF9-C2AA56FA4993}.Debug|Any CPU.Build.0 = Debug|Any CPU
		{64944B1B-1605-4B4B-8DF9-C2AA56FA4993}.Release|Any CPU.ActiveCfg = Release|Any CPU
		{64944B1B-1605-4B4B-8DF9-C2AA56FA4993}.Release|Any CPU.Build.0 = Release|Any CPU
		{E51EA2E1-FEE4-4E35-9260-35B2185C56D3}.Debug|Any CPU.ActiveCfg = Debug|Any CPU
		{E51EA2E1-FEE4-4E35-9260-35B2185C56D3}.Debug|Any CPU.Build.0 = Debug|Any CPU
		{E51EA2E1-FEE4-4E35-9260-35B2185C56D3}.Release|Any CPU.ActiveCfg = Release|Any CPU
		{E51EA2E1-FEE4-4E35-9260-35B2185C56D3}.Release|Any CPU.Build.0 = Release|Any CPU
		{02589DEC-17AE-4A13-9D57-304B3C237510}.Debug|Any CPU.ActiveCfg = Debug|Any CPU
		{02589DEC-17AE-4A13-9D57-304B3C237510}.Debug|Any CPU.Build.0 = Debug|Any CPU
		{02589DEC-17AE-4A13-9D57-304B3C237510}.Release|Any CPU.ActiveCfg = Release|Any CPU
		{02589DEC-17AE-4A13-9D57-304B3C237510}.Release|Any CPU.Build.0 = Release|Any CPU
		{44DD0A35-78E4-464E-92BE-7D84DE4572E1}.Debug|Any CPU.ActiveCfg = Debug|Any CPU
		{44DD0A35-78E4-464E-92BE-7D84DE4572E1}.Debug|Any CPU.Build.0 = Debug|Any CPU
		{44DD0A35-78E4-464E-92BE-7D84DE4572E1}.Release|Any CPU.ActiveCfg = Release|Any CPU
		{44DD0A35-78E4-464E-92BE-7D84DE4572E1}.Release|Any CPU.Build.0 = Release|Any CPU
		{D903B1BA-8DF0-435C-A75D-D77541865C0C}.Debug|Any CPU.ActiveCfg = Debug|Any CPU
		{D903B1BA-8DF0-435C-A75D-D77541865C0C}.Debug|Any CPU.Build.0 = Debug|Any CPU
		{D903B1BA-8DF0-435C-A75D-D77541865C0C}.Release|Any CPU.ActiveCfg = Release|Any CPU
		{D903B1BA-8DF0-435C-A75D-D77541865C0C}.Release|Any CPU.Build.0 = Release|Any CPU
		{A8EC2A3C-5507-41DC-9D4C-88AF5518DB5C}.Debug|Any CPU.ActiveCfg = Debug|Any CPU
		{A8EC2A3C-5507-41DC-9D4C-88AF5518DB5C}.Debug|Any CPU.Build.0 = Debug|Any CPU
		{A8EC2A3C-5507-41DC-9D4C-88AF5518DB5C}.Release|Any CPU.ActiveCfg = Release|Any CPU
		{A8EC2A3C-5507-41DC-9D4C-88AF5518DB5C}.Release|Any CPU.Build.0 = Release|Any CPU
		{C9D694A8-1A80-4F43-886A-58E028085DF4}.Debug|Any CPU.ActiveCfg = Debug|Any CPU
		{C9D694A8-1A80-4F43-886A-58E028085DF4}.Debug|Any CPU.Build.0 = Debug|Any CPU
		{C9D694A8-1A80-4F43-886A-58E028085DF4}.Release|Any CPU.ActiveCfg = Release|Any CPU
		{C9D694A8-1A80-4F43-886A-58E028085DF4}.Release|Any CPU.Build.0 = Release|Any CPU
		{7E530F5E-7B57-4B36-BC26-8C166F7495B0}.Debug|Any CPU.ActiveCfg = Debug|Any CPU
		{7E530F5E-7B57-4B36-BC26-8C166F7495B0}.Debug|Any CPU.Build.0 = Debug|Any CPU
		{7E530F5E-7B57-4B36-BC26-8C166F7495B0}.Release|Any CPU.ActiveCfg = Release|Any CPU
		{7E530F5E-7B57-4B36-BC26-8C166F7495B0}.Release|Any CPU.Build.0 = Release|Any CPU
		{1BFB9A84-C3D1-48DF-9B20-3B9567355F31}.Debug|Any CPU.ActiveCfg = Debug|Any CPU
		{1BFB9A84-C3D1-48DF-9B20-3B9567355F31}.Debug|Any CPU.Build.0 = Debug|Any CPU
		{1BFB9A84-C3D1-48DF-9B20-3B9567355F31}.Release|Any CPU.ActiveCfg = Release|Any CPU
		{1BFB9A84-C3D1-48DF-9B20-3B9567355F31}.Release|Any CPU.Build.0 = Release|Any CPU
		{9AFBDEFB-1DFA-4D80-A2CF-9155DEA4E0DF}.Debug|Any CPU.ActiveCfg = Debug|Any CPU
		{9AFBDEFB-1DFA-4D80-A2CF-9155DEA4E0DF}.Debug|Any CPU.Build.0 = Debug|Any CPU
		{9AFBDEFB-1DFA-4D80-A2CF-9155DEA4E0DF}.Release|Any CPU.ActiveCfg = Release|Any CPU
		{9AFBDEFB-1DFA-4D80-A2CF-9155DEA4E0DF}.Release|Any CPU.Build.0 = Release|Any CPU
		{7732BBF6-58C0-4FF3-985B-607C0D052D73}.Debug|Any CPU.ActiveCfg = Debug|Any CPU
		{7732BBF6-58C0-4FF3-985B-607C0D052D73}.Debug|Any CPU.Build.0 = Debug|Any CPU
		{7732BBF6-58C0-4FF3-985B-607C0D052D73}.Release|Any CPU.ActiveCfg = Release|Any CPU
		{7732BBF6-58C0-4FF3-985B-607C0D052D73}.Release|Any CPU.Build.0 = Release|Any CPU
		{A5E0A7AF-DBF8-49C2-A73F-F4278D6E9F10}.Debug|Any CPU.ActiveCfg = Debug|Any CPU
		{A5E0A7AF-DBF8-49C2-A73F-F4278D6E9F10}.Debug|Any CPU.Build.0 = Debug|Any CPU
		{A5E0A7AF-DBF8-49C2-A73F-F4278D6E9F10}.Release|Any CPU.ActiveCfg = Release|Any CPU
		{A5E0A7AF-DBF8-49C2-A73F-F4278D6E9F10}.Release|Any CPU.Build.0 = Release|Any CPU
		{A5E0A7AF-DBF8-49C2-A73F-F4278D6E9F11}.Debug|Any CPU.ActiveCfg = Debug|Any CPU
		{A5E0A7AF-DBF8-49C2-A73F-F4278D6E9F11}.Debug|Any CPU.Build.0 = Debug|Any CPU
		{A5E0A7AF-DBF8-49C2-A73F-F4278D6E9F11}.Release|Any CPU.ActiveCfg = Release|Any CPU
		{A5E0A7AF-DBF8-49C2-A73F-F4278D6E9F11}.Release|Any CPU.Build.0 = Release|Any CPU
	EndGlobalSection
	GlobalSection(SolutionProperties) = preSolution
		HideSolutionNode = FALSE
	EndGlobalSection
	GlobalSection(NestedProjects) = preSolution
		{BD4C9273-6DC7-4418-96D1-D983A6A73CF5} = {3D935CEA-AEC9-4293-B608-60598098804E}
		{3D58EEF8-40C7-4408-ACA0-863DA087637F} = {3D935CEA-AEC9-4293-B608-60598098804E}
		{E51EA2E1-FEE4-4E35-9260-35B2185C56D3} = {3D935CEA-AEC9-4293-B608-60598098804E}
		{02589DEC-17AE-4A13-9D57-304B3C237510} = {3D935CEA-AEC9-4293-B608-60598098804E}
		{A8EC2A3C-5507-41DC-9D4C-88AF5518DB5C} = {3D935CEA-AEC9-4293-B608-60598098804E}
		{7732BBF6-58C0-4FF3-985B-607C0D052D73} = {3D935CEA-AEC9-4293-B608-60598098804E}
		{A5E0A7AF-DBF8-49C2-A73F-F4278D6E9F11} = {3D935CEA-AEC9-4293-B608-60598098804E}
	EndGlobalSection
EndGlobal
